{
  "requires": true,
  "lockfileVersion": 1,
  "dependencies": {
    "primeng-lts": {
      "version": "9.2.3",
      "resolved": "https://registry.npmjs.org/primeng-lts/-/primeng-lts-9.2.3.tgz",
      "integrity": "sha512-da8RPBjCWyi9Cg1mrqL9/qFTS8KIGiTDeArqX/IxtHsr90LkejCXgP9AS/AITG1gyQdlw4G/WMeXTJ1aW1exQA=="
    }
  }
}
